
Microsoft Visual Studio Solution File, Format Version 12.00
# Visual Studio 2012
Project("{FAE04EC0-301F-11D3-BF4B-00C04F79EFBC}") = "ExpertSystem", "ExpertSystem\ExpertSystem.csproj", "{71ABE081-D41E-4012-B78B-49594A27A155}"
EndProject
Global
	GlobalSection(SolutionConfigurationPlatforms) = preSolution
		Debug|Any CPU = Debug|Any CPU
		Release|Any CPU = Release|Any CPU
	EndGlobalSection
	GlobalSection(ProjectConfigurationPlatforms) = postSolution
		{71ABE081-D41E-4012-B78B-49594A27A155}.Debug|Any CPU.ActiveCfg = Debug|Any CPU
		{71ABE081-D41E-4012-B78B-49594A27A155}.Debug|Any CPU.Build.0 = Debug|Any CPU
		{71ABE081-D41E-4012-B78B-49594A27A155}.Release|Any CPU.ActiveCfg = Release|Any CPU
		{71ABE081-D41E-4012-B78B-49594A27A155}.Release|Any CPU.Build.0 = Release|Any CPU
	EndGlobalSection
	GlobalSection(SolutionProperties) = preSolution
		HideSolutionNode = FALSE
	EndGlobalSection
EndGlobal
